{
  "object": {
    "pins": [
      {
        "package": "vcomponentkit",
        "repositoryURL": "https://github.com/swift-calendar/vcomponentkit.git",
        "state": {
          "branch": null,
          "revision": "7a415e0c8da41480513cc0891513885afd1690f1",
          "version": "1.0.3"
        }
      }
    ]
  },
  "version": 1
}
